// !$*UTF8*$!
{
	archiveVersion = 1;
	classes = {
	};
	objectVersion = 56;
	objects = {

/* Begin PBXBuildFile section */
		9EEAAE15C42E04314CB80970 /* Pods_CryptoCurrencyProject.framework in Frameworks */ = {isa = PBXBuildFile; fileRef = 1A141EB49B2FA1DE4AF34DC3 /* Pods_CryptoCurrencyProject.framework */; };
		DA305ACA29D302C900307EE0 /* loading.json in Resources */ = {isa = PBXBuildFile; fileRef = DA305AC929D302C900307EE0 /* loading.json */; };
		DA305ACC29D31BDF00307EE0 /* cryptocurrencies.png in Resources */ = {isa = PBXBuildFile; fileRef = DA305ACB29D31BDF00307EE0 /* cryptocurrencies.png */; };
		DA64362329D2305E00C62071 /* HomeViewModel.swift in Sources */ = {isa = PBXBuildFile; fileRef = DA64362229D2305E00C62071 /* HomeViewModel.swift */; };
		DAF1E33729D217B400365796 /* AppDelegate.swift in Sources */ = {isa = PBXBuildFile; fileRef = DAF1E33629D217B400365796 /* AppDelegate.swift */; };
		DAF1E33929D217B400365796 /* SceneDelegate.swift in Sources */ = {isa = PBXBuildFile; fileRef = DAF1E33829D217B400365796 /* SceneDelegate.swift */; };
		DAF1E33B29D217B400365796 /* HomeViewController.swift in Sources */ = {isa = PBXBuildFile; fileRef = DAF1E33A29D217B400365796 /* HomeViewController.swift */; };
		DAF1E33E29D217B400365796 /* Home.storyboard in Resources */ = {isa = PBXBuildFile; fileRef = DAF1E33C29D217B400365796 /* Home.storyboard */; };
		DAF1E34029D217B800365796 /* Assets.xcassets in Resources */ = {isa = PBXBuildFile; fileRef = DAF1E33F29D217B800365796 /* Assets.xcassets */; };
		DAF1E34329D217B800365796 /* LaunchScreen.storyboard in Resources */ = {isa = PBXBuildFile; fileRef = DAF1E34129D217B800365796 /* LaunchScreen.storyboard */; };
		DAF1E34B29D2198900365796 /* HomeTableViewCell.swift in Sources */ = {isa = PBXBuildFile; fileRef = DAF1E34A29D2198900365796 /* HomeTableViewCell.swift */; };
		DAF1E34E29D21B1A00365796 /* Model.swift in Sources */ = {isa = PBXBuildFile; fileRef = DAF1E34D29D21B1A00365796 /* Model.swift */; };
		DAF1E35029D21C8200365796 /* ApiManager.swift in Sources */ = {isa = PBXBuildFile; fileRef = DAF1E34F29D21C8200365796 /* ApiManager.swift */; };
/* End PBXBuildFile section */

/* Begin PBXFileReference section */
		07AA9C7576CC6FA6BA268ACF /* Pods-CryptoCurrencyProject.release.xcconfig */ = {isa = PBXFileReference; includeInIndex = 1; lastKnownFileType = text.xcconfig; name = "Pods-CryptoCurrencyProject.release.xcconfig"; path = "Target Support Files/Pods-CryptoCurrencyProject/Pods-CryptoCurrencyProject.release.xcconfig"; sourceTree = "<group>"; };
		1A141EB49B2FA1DE4AF34DC3 /* Pods_CryptoCurrencyProject.framework */ = {isa = PBXFileReference; explicitFileType = wrapper.framework; includeInIndex = 0; path = Pods_CryptoCurrencyProject.framework; sourceTree = BUILT_PRODUCTS_DIR; };
		5593867B5456832C7D7FCDE7 /* Pods-CryptoCurrencyProject.debug.xcconfig */ = {isa = PBXFileReference; includeInIndex = 1; lastKnownFileType = text.xcconfig; name = "Pods-CryptoCurrencyProject.debug.xcconfig"; path = "Target Support Files/Pods-CryptoCurrencyProject/Pods-CryptoCurrencyProject.debug.xcconfig"; sourceTree = "<group>"; };
		DA305AC929D302C900307EE0 /* loading.json */ = {isa = PBXFileReference; fileEncoding = 4; lastKnownFileType = text.json; path = loading.json; sourceTree = "<group>"; };
		DA305ACB29D31BDF00307EE0 /* cryptocurrencies.png */ = {isa = PBXFileReference; lastKnownFileType = image.png; path = cryptocurrencies.png; sourceTree = "<group>"; };
		DA64362229D2305E00C62071 /* HomeViewModel.swift */ = {isa = PBXFileReference; lastKnownFileType = sourcecode.swift; path = HomeViewModel.swift; sourceTree = "<group>"; };
		DAF1E33329D217B400365796 /* CryptoCurrencyProject.app */ = {isa = PBXFileReference; explicitFileType = wrapper.application; includeInIndex = 0; path = CryptoCurrencyProject.app; sourceTree = BUILT_PRODUCTS_DIR; };
		DAF1E33629D217B400365796 /* AppDelegate.swift */ = {isa = PBXFileReference; lastKnownFileType = sourcecode.swift; path = AppDelegate.swift; sourceTree = "<group>"; };
		DAF1E33829D217B400365796 /* SceneDelegate.swift */ = {isa = PBXFileReference; lastKnownFileType = sourcecode.swift; path = SceneDelegate.swift; sourceTree = "<group>"; };
		DAF1E33A29D217B400365796 /* HomeViewController.swift */ = {isa = PBXFileReference; lastKnownFileType = sourcecode.swift; path = HomeViewController.swift; sourceTree = "<group>"; };
		DAF1E33D29D217B400365796 /* Base */ = {isa = PBXFileReference; lastKnownFileType = file.storyboard; name = Base; path = Base.lproj/Home.storyboard; sourceTree = "<group>"; };
		DAF1E33F29D217B800365796 /* Assets.xcassets */ = {isa = PBXFileReference; lastKnownFileType = folder.assetcatalog; path = Assets.xcassets; sourceTree = "<group>"; };
		DAF1E34229D217B800365796 /* Base */ = {isa = PBXFileReference; lastKnownFileType = file.storyboard; name = Base; path = Base.lproj/LaunchScreen.storyboard; sourceTree = "<group>"; };
		DAF1E34429D217B800365796 /* Info.plist */ = {isa = PBXFileReference; lastKnownFileType = text.plist.xml; path = Info.plist; sourceTree = "<group>"; };
		DAF1E34A29D2198900365796 /* HomeTableViewCell.swift */ = {isa = PBXFileReference; lastKnownFileType = sourcecode.swift; path = HomeTableViewCell.swift; sourceTree = "<group>"; };
		DAF1E34D29D21B1A00365796 /* Model.swift */ = {isa = PBXFileReference; lastKnownFileType = sourcecode.swift; path = Model.swift; sourceTree = "<group>"; };
		DAF1E34F29D21C8200365796 /* ApiManager.swift */ = {isa = PBXFileReference; lastKnownFileType = sourcecode.swift; path = ApiManager.swift; sourceTree = "<group>"; };
/* End PBXFileReference section */

/* Begin PBXFrameworksBuildPhase section */
		DAF1E33029D217B400365796 /* Frameworks */ = {
			isa = PBXFrameworksBuildPhase;
			buildActionMask = 2147483647;
			files = (
				9EEAAE15C42E04314CB80970 /* Pods_CryptoCurrencyProject.framework in Frameworks */,
			);
			runOnlyForDeploymentPostprocessing = 0;
		};
/* End PBXFrameworksBuildPhase section */

/* Begin PBXGroup section */
		04856B541BC067636B85CBCE /* Pods */ = {
			isa = PBXGroup;
			children = (
				5593867B5456832C7D7FCDE7 /* Pods-CryptoCurrencyProject.debug.xcconfig */,
				07AA9C7576CC6FA6BA268ACF /* Pods-CryptoCurrencyProject.release.xcconfig */,
			);
			path = Pods;
			sourceTree = "<group>";
		};
		847EDF226CEE870E070BB57F /* Frameworks */ = {
			isa = PBXGroup;
			children = (
				1A141EB49B2FA1DE4AF34DC3 /* Pods_CryptoCurrencyProject.framework */,
			);
			name = Frameworks;
			sourceTree = "<group>";
		};
		DA64362429D23D2B00C62071 /* Manager */ = {
			isa = PBXGroup;
			children = (
				DAF1E34F29D21C8200365796 /* ApiManager.swift */,
			);
			path = Manager;
			sourceTree = "<group>";
		};
		DA64362529D23D3000C62071 /* Model */ = {
			isa = PBXGroup;
			children = (
				DAF1E34D29D21B1A00365796 /* Model.swift */,
			);
			path = Model;
			sourceTree = "<group>";
		};
		DA64362629D23D7000C62071 /* Screen */ = {
			isa = PBXGroup;
			children = (
				DAF1E33A29D217B400365796 /* HomeViewController.swift */,
				DAF1E34A29D2198900365796 /* HomeTableViewCell.swift */,
				DAF1E33C29D217B400365796 /* Home.storyboard */,
			);
			path = Screen;
			sourceTree = "<group>";
		};
		DA64362729D23DD200C62071 /* ViewModel */ = {
			isa = PBXGroup;
			children = (
				DA64362229D2305E00C62071 /* HomeViewModel.swift */,
			);
			path = ViewModel;
			sourceTree = "<group>";
		};
		DAF1E32A29D217B400365796 = {
			isa = PBXGroup;
			children = (
				DAF1E33529D217B400365796 /* CryptoCurrencyProject */,
				DAF1E33429D217B400365796 /* Products */,
				04856B541BC067636B85CBCE /* Pods */,
				847EDF226CEE870E070BB57F /* Frameworks */,
			);
			sourceTree = "<group>";
		};
		DAF1E33429D217B400365796 /* Products */ = {
			isa = PBXGroup;
			children = (
				DAF1E33329D217B400365796 /* CryptoCurrencyProject.app */,
			);
			name = Products;
			sourceTree = "<group>";
		};
		DAF1E33529D217B400365796 /* CryptoCurrencyProject */ = {
			isa = PBXGroup;
			children = (
				DAF1E33F29D217B800365796 /* Assets.xcassets */,
				DAF1E34429D217B800365796 /* Info.plist */,
				DAF1E34129D217B800365796 /* LaunchScreen.storyboard */,
				DA305ACB29D31BDF00307EE0 /* cryptocurrencies.png */,
				DA305AC929D302C900307EE0 /* loading.json */,
				DAF1E34C29D21AED00365796 /* Delegates */,
				DA64362429D23D2B00C62071 /* Manager */,
				DA64362529D23D3000C62071 /* Model */,
				DA64362629D23D7000C62071 /* Screen */,
				DA64362729D23DD200C62071 /* ViewModel */,
			);
			path = CryptoCurrencyProject;
			sourceTree = "<group>";
		};
		DAF1E34C29D21AED00365796 /* Delegates */ = {
			isa = PBXGroup;
			children = (
				DAF1E33629D217B400365796 /* AppDelegate.swift */,
				DAF1E33829D217B400365796 /* SceneDelegate.swift */,
			);
			path = Delegates;
			sourceTree = "<group>";
		};
/* End PBXGroup section */

/* Begin PBXNativeTarget section */
		DAF1E33229D217B400365796 /* CryptoCurrencyProject */ = {
			isa = PBXNativeTarget;
			buildConfigurationList = DAF1E34729D217B800365796 /* Build configuration list for PBXNativeTarget "CryptoCurrencyProject" */;
			buildPhases = (
				430AE9A0A8F45DE6294CC795 /* [CP] Check Pods Manifest.lock */,
				DAF1E32F29D217B400365796 /* Sources */,
				DAF1E33029D217B400365796 /* Frameworks */,
				DAF1E33129D217B400365796 /* Resources */,
				9BC96126E9A7731920C60A34 /* [CP] Embed Pods Frameworks */,
			);
			buildRules = (
			);
			dependencies = (
			);
			name = CryptoCurrencyProject;
			productName = CryptoCurrencyProject;
			productReference = DAF1E33329D217B400365796 /* CryptoCurrencyProject.app */;
			productType = "com.apple.product-type.application";
		};
/* End PBXNativeTarget section */

/* Begin PBXProject section */
		DAF1E32B29D217B400365796 /* Project object */ = {
			isa = PBXProject;
			attributes = {
				BuildIndependentTargetsInParallel = 1;
				LastSwiftUpdateCheck = 1420;
				LastUpgradeCheck = 1420;
				TargetAttributes = {
					DAF1E33229D217B400365796 = {
						CreatedOnToolsVersion = 14.2;
					};
				};
			};
			buildConfigurationList = DAF1E32E29D217B400365796 /* Build configuration list for PBXProject "CryptoCurrencyProject" */;
			compatibilityVersion = "Xcode 14.0";
			developmentRegion = en;
			hasScannedForEncodings = 0;
			knownRegions = (
				en,
				Base,
			);
			mainGroup = DAF1E32A29D217B400365796;
			productRefGroup = DAF1E33429D217B400365796 /* Products */;
			projectDirPath = "";
			projectRoot = "";
			targets = (
				DAF1E33229D217B400365796 /* CryptoCurrencyProject */,
			);
		};
/* End PBXProject section */

/* Begin PBXResourcesBuildPhase section */
		DAF1E33129D217B400365796 /* Resources */ = {
			isa = PBXResourcesBuildPhase;
			buildActionMask = 2147483647;
			files = (
				DA305ACC29D31BDF00307EE0 /* cryptocurrencies.png in Resources */,
				DA305ACA29D302C900307EE0 /* loading.json in Resources */,
				DAF1E34329D217B800365796 /* LaunchScreen.storyboard in Resources */,
				DAF1E34029D217B800365796 /* Assets.xcassets in Resources */,
				DAF1E33E29D217B400365796 /* Home.storyboard in Resources */,
			);
			runOnlyForDeploymentPostprocessing = 0;
		};
/* End PBXResourcesBuildPhase section */

/* Begin PBXShellScriptBuildPhase section */
		430AE9A0A8F45DE6294CC795 /* [CP] Check Pods Manifest.lock */ = {
			isa = PBXShellScriptBuildPhase;
			buildActionMask = 2147483647;
			files = (
			);
			inputFileListPaths = (
			);
			inputPaths = (
				"${PODS_PODFILE_DIR_PATH}/Podfile.lock",
				"${PODS_ROOT}/Manifest.lock",
			);
			name = "[CP] Check Pods Manifest.lock";
			outputFileListPaths = (
			);
			outputPaths = (
				"$(DERIVED_FILE_DIR)/Pods-CryptoCurrencyProject-checkManifestLockResult.txt",
			);
			runOnlyForDeploymentPostprocessing = 0;
			shellPath = /bin/sh;
			shellScript = "diff \"${PODS_PODFILE_DIR_PATH}/Podfile.lock\" \"${PODS_ROOT}/Manifest.lock\" > /dev/null\nif [ $? != 0 ] ; then\n    # print error to STDERR\n    echo \"error: The sandbox is not in sync with the Podfile.lock. Run 'pod install' or update your CocoaPods installation.\" >&2\n    exit 1\nfi\n# This output is used by Xcode 'outputs' to avoid re-running this script phase.\necho \"SUCCESS\" > \"${SCRIPT_OUTPUT_FILE_0}\"\n";
			showEnvVarsInLog = 0;
		};
		9BC96126E9A7731920C60A34 /* [CP] Embed Pods Frameworks */ = {
			isa = PBXShellScriptBuildPhase;
			buildActionMask = 2147483647;
			files = (
			);
			inputFileListPaths = (
				"${PODS_ROOT}/Target Support Files/Pods-CryptoCurrencyProject/Pods-CryptoCurrencyProject-frameworks-${CONFIGURATION}-input-files.xcfilelist",
			);
			name = "[CP] Embed Pods Frameworks";
			outputFileListPaths = (
				"${PODS_ROOT}/Target Support Files/Pods-CryptoCurrencyProject/Pods-CryptoCurrencyProject-frameworks-${CONFIGURATION}-output-files.xcfilelist",
			);
			runOnlyForDeploymentPostprocessing = 0;
			shellPath = /bin/sh;
			shellScript = "\"${PODS_ROOT}/Target Support Files/Pods-CryptoCurrencyProject/Pods-CryptoCurrencyProject-frameworks.sh\"\n";
			showEnvVarsInLog = 0;
		};
/* End PBXShellScriptBuildPhase section */

/* Begin PBXSourcesBuildPhase section */
		DAF1E32F29D217B400365796 /* Sources */ = {
			isa = PBXSourcesBuildPhase;
			buildActionMask = 2147483647;
			files = (
				DAF1E34E29D21B1A00365796 /* Model.swift in Sources */,
				DAF1E33B29D217B400365796 /* HomeViewController.swift in Sources */,
				DA64362329D2305E00C62071 /* HomeViewModel.swift in Sources */,
				DAF1E33729D217B400365796 /* AppDelegate.swift in Sources */,
				DAF1E34B29D2198900365796 /* HomeTableViewCell.swift in Sources */,
				DAF1E35029D21C8200365796 /* ApiManager.swift in Sources */,
				DAF1E33929D217B400365796 /* SceneDelegate.swift in Sources */,
			);
			runOnlyForDeploymentPostprocessing = 0;
		};
/* End PBXSourcesBuildPhase section */

/* Begin PBXVariantGroup section */
		DAF1E33C29D217B400365796 /* Home.storyboard */ = {
			isa = PBXVariantGroup;
			children = (
				DAF1E33D29D217B400365796 /* Base */,
			);
			name = Home.storyboard;
			sourceTree = "<group>";
		};
		DAF1E34129D217B800365796 /* LaunchScreen.storyboard */ = {
			isa = PBXVariantGroup;
			children = (
				DAF1E34229D217B800365796 /* Base */,
			);
			name = LaunchScreen.storyboard;
			sourceTree = "<group>";
		};
/* End PBXVariantGroup section */

/* Begin XCBuildConfiguration section */
		DAF1E34529D217B800365796 /* Debug */ = {
			isa = XCBuildConfiguration;
			buildSettings = {
				ALWAYS_SEARCH_USER_PATHS = NO;
				CLANG_ANALYZER_NONNULL = YES;
				CLANG_ANALYZER_NUMBER_OBJECT_CONVERSION = YES_AGGRESSIVE;
				CLANG_CXX_LANGUAGE_STANDARD = "gnu++20";
				CLANG_ENABLE_MODULES = YES;
				CLANG_ENABLE_OBJC_ARC = YES;
				CLANG_ENABLE_OBJC_WEAK = YES;
				CLANG_WARN_BLOCK_CAPTURE_AUTORELEASING = YES;
				CLANG_WARN_BOOL_CONVERSION = YES;
				CLANG_WARN_COMMA = YES;
				CLANG_WARN_CONSTANT_CONVERSION = YES;
				CLANG_WARN_DEPRECATED_OBJC_IMPLEMENTATIONS = YES;
				CLANG_WARN_DIRECT_OBJC_ISA_USAGE = YES_ERROR;
				CLANG_WARN_DOCUMENTATION_COMMENTS = YES;
				CLANG_WARN_EMPTY_BODY = YES;
				CLANG_WARN_ENUM_CONVERSION = YES;
				CLANG_WARN_INFINITE_RECURSION = YES;
				CLANG_WARN_INT_CONVERSION = YES;
				CLANG_WARN_NON_LITERAL_NULL_CONVERSION = YES;
				CLANG_WARN_OBJC_IMPLICIT_RETAIN_SELF = YES;
				CLANG_WARN_OBJC_LITERAL_CONVERSION = YES;
				CLANG_WARN_OBJC_ROOT_CLASS = YES_ERROR;
				CLANG_WARN_QUOTED_INCLUDE_IN_FRAMEWORK_HEADER = YES;
				CLANG_WARN_RANGE_LOOP_ANALYSIS = YES;
				CLANG_WARN_STRICT_PROTOTYPES = YES;
				CLANG_WARN_SUSPICIOUS_MOVE = YES;
				CLANG_WARN_UNGUARDED_AVAILABILITY = YES_AGGRESSIVE;
				CLANG_WARN_UNREACHABLE_CODE = YES;
				CLANG_WARN__DUPLICATE_METHOD_MATCH = YES;
				COPY_PHASE_STRIP = NO;
				DEBUG_INFORMATION_FORMAT = dwarf;
				ENABLE_STRICT_OBJC_MSGSEND = YES;
				ENABLE_TESTABILITY = YES;
				GCC_C_LANGUAGE_STANDARD = gnu11;
				GCC_DYNAMIC_NO_PIC = NO;
				GCC_NO_COMMON_BLOCKS = YES;
				GCC_OPTIMIZATION_LEVEL = 0;
				GCC_PREPROCESSOR_DEFINITIONS = (
					"DEBUG=1",
					"$(inherited)",
				);
				GCC_WARN_64_TO_32_BIT_CONVERSION = YES;
				GCC_WARN_ABOUT_RETURN_TYPE = YES_ERROR;
				GCC_WARN_UNDECLARED_SELECTOR = YES;
				GCC_WARN_UNINITIALIZED_AUTOS = YES_AGGRESSIVE;
				GCC_WARN_UNUSED_FUNCTION = YES;
				GCC_WARN_UNUSED_VARIABLE = YES;
				IPHONEOS_DEPLOYMENT_TARGET = 16.2;
				MTL_ENABLE_DEBUG_INFO = INCLUDE_SOURCE;
				MTL_FAST_MATH = YES;
				ONLY_ACTIVE_ARCH = YES;
				SDKROOT = iphoneos;
				SWIFT_ACTIVE_COMPILATION_CONDITIONS = DEBUG;
				SWIFT_OPTIMIZATION_LEVEL = "-Onone";
			};
			name = Debug;
		};
		DAF1E34629D217B800365796 /* Release */ = {
			isa = XCBuildConfiguration;
			buildSettings = {
				ALWAYS_SEARCH_USER_PATHS = NO;
				CLANG_ANALYZER_NONNULL = YES;
				CLANG_ANALYZER_NUMBER_OBJECT_CONVERSION = YES_AGGRESSIVE;
				CLANG_CXX_LANGUAGE_STANDARD = "gnu++20";
				CLANG_ENABLE_MODULES = YES;
				CLANG_ENABLE_OBJC_ARC = YES;
				CLANG_ENABLE_OBJC_WEAK = YES;
				CLANG_WARN_BLOCK_CAPTURE_AUTORELEASING = YES;
				CLANG_WARN_BOOL_CONVERSION = YES;
				CLANG_WARN_COMMA = YES;
				CLANG_WARN_CONSTANT_CONVERSION = YES;
				CLANG_WARN_DEPRECATED_OBJC_IMPLEMENTATIONS = YES;
				CLANG_WARN_DIRECT_OBJC_ISA_USAGE = YES_ERROR;
				CLANG_WARN_DOCUMENTATION_COMMENTS = YES;
				CLANG_WARN_EMPTY_BODY = YES;
				CLANG_WARN_ENUM_CONVERSION = YES;
				CLANG_WARN_INFINITE_RECURSION = YES;
				CLANG_WARN_INT_CONVERSION = YES;
				CLANG_WARN_NON_LITERAL_NULL_CONVERSION = YES;
				CLANG_WARN_OBJC_IMPLICIT_RETAIN_SELF = YES;
				CLANG_WARN_OBJC_LITERAL_CONVERSION = YES;
				CLANG_WARN_OBJC_ROOT_CLASS = YES_ERROR;
				CLANG_WARN_QUOTED_INCLUDE_IN_FRAMEWORK_HEADER = YES;
				CLANG_WARN_RANGE_LOOP_ANALYSIS = YES;
				CLANG_WARN_STRICT_PROTOTYPES = YES;
				CLANG_WARN_SUSPICIOUS_MOVE = YES;
				CLANG_WARN_UNGUARDED_AVAILABILITY = YES_AGGRESSIVE;
				CLANG_WARN_UNREACHABLE_CODE = YES;
				CLANG_WARN__DUPLICATE_METHOD_MATCH = YES;
				COPY_PHASE_STRIP = NO;
				DEBUG_INFORMATION_FORMAT = "dwarf-with-dsym";
				ENABLE_NS_ASSERTIONS = NO;
				ENABLE_STRICT_OBJC_MSGSEND = YES;
				GCC_C_LANGUAGE_STANDARD = gnu11;
				GCC_NO_COMMON_BLOCKS = YES;
				GCC_WARN_64_TO_32_BIT_CONVERSION = YES;
				GCC_WARN_ABOUT_RETURN_TYPE = YES_ERROR;
				GCC_WARN_UNDECLARED_SELECTOR = YES;
				GCC_WARN_UNINITIALIZED_AUTOS = YES_AGGRESSIVE;
				GCC_WARN_UNUSED_FUNCTION = YES;
				GCC_WARN_UNUSED_VARIABLE = YES;
				IPHONEOS_DEPLOYMENT_TARGET = 16.2;
				MTL_ENABLE_DEBUG_INFO = NO;
				MTL_FAST_MATH = YES;
				SDKROOT = iphoneos;
				SWIFT_COMPILATION_MODE = wholemodule;
				SWIFT_OPTIMIZATION_LEVEL = "-O";
				VALIDATE_PRODUCT = YES;
			};
			name = Release;
		};
		DAF1E34829D217B800365796 /* Debug */ = {
			isa = XCBuildConfiguration;
			baseConfigurationReference = 5593867B5456832C7D7FCDE7 /* Pods-CryptoCurrencyProject.debug.xcconfig */;
			buildSettings = {
				ASSETCATALOG_COMPILER_APPICON_NAME = AppIcon;
				ASSETCATALOG_COMPILER_GLOBAL_ACCENT_COLOR_NAME = AccentColor;
				CODE_SIGN_STYLE = Automatic;
				CURRENT_PROJECT_VERSION = 1;
				DEVELOPMENT_TEAM = M4UA5422US;
				GENERATE_INFOPLIST_FILE = YES;
				INFOPLIST_FILE = CryptoCurrencyProject/Info.plist;
				INFOPLIST_KEY_UIApplicationSupportsIndirectInputEvents = YES;
				INFOPLIST_KEY_UILaunchStoryboardName = LaunchScreen;
				INFOPLIST_KEY_UIMainStoryboardFile = Home;
				INFOPLIST_KEY_UISupportedInterfaceOrientations_iPad = "UIInterfaceOrientationPortrait UIInterfaceOrientationPortraitUpsideDown UIInterfaceOrientationLandscapeLeft UIInterfaceOrientationLandscapeRight";
				INFOPLIST_KEY_UISupportedInterfaceOrientations_iPhone = "UIInterfaceOrientationPortrait UIInterfaceOrientationLandscapeLeft UIInterfaceOrientationLandscapeRight";
				LD_RUNPATH_SEARCH_PATHS = (
					"$(inherited)",
					"@executable_path/Frameworks",
				);
				MARKETING_VERSION = 1.0;
				PRODUCT_BUNDLE_IDENTIFIER = com.serhatdemir.CryptoCurrencyProject;
				PRODUCT_NAME = "$(TARGET_NAME)";
				SWIFT_EMIT_LOC_STRINGS = YES;
				SWIFT_VERSION = 5.0;
				TARGETED_DEVICE_FAMILY = "1,2";
			};
			name = Debug;
		};
		DAF1E34929D217B800365796 /* Release */ = {
			isa = XCBuildConfiguration;
			baseConfigurationReference = 07AA9C7576CC6FA6BA268ACF /* Pods-CryptoCurrencyProject.release.xcconfig */;
			buildSettings = {
				ASSETCATALOG_COMPILER_APPICON_NAME = AppIcon;
				ASSETCATALOG_COMPILER_GLOBAL_ACCENT_COLOR_NAME = AccentColor;
				CODE_SIGN_STYLE = Automatic;
				CURRENT_PROJECT_VERSION = 1;
				DEVELOPMENT_TEAM = M4UA5422US;
				GENERATE_INFOPLIST_FILE = YES;
				INFOPLIST_FILE = CryptoCurrencyProject/Info.plist;
				INFOPLIST_KEY_UIApplicationSupportsIndirectInputEvents = YES;
				INFOPLIST_KEY_UILaunchStoryboardName = LaunchScreen;
				INFOPLIST_KEY_UIMainStoryboardFile = Home;
				INFOPLIST_KEY_UISupportedInterfaceOrientations_iPad = "UIInterfaceOrientationPortrait UIInterfaceOrientationPortraitUpsideDown UIInterfaceOrientationLandscapeLeft UIInterfaceOrientationLandscapeRight";
				INFOPLIST_KEY_UISupportedInterfaceOrientations_iPhone = "UIInterfaceOrientationPortrait UIInterfaceOrientationLandscapeLeft UIInterfaceOrientationLandscapeRight";
				LD_RUNPATH_SEARCH_PATHS = (
					"$(inherited)",
					"@executable_path/Frameworks",
				);
				MARKETING_VERSION = 1.0;
				PRODUCT_BUNDLE_IDENTIFIER = com.serhatdemir.CryptoCurrencyProject;
				PRODUCT_NAME = "$(TARGET_NAME)";
				SWIFT_EMIT_LOC_STRINGS = YES;
				SWIFT_VERSION = 5.0;
				TARGETED_DEVICE_FAMILY = "1,2";
			};
			name = Release;
		};
/* End XCBuildConfiguration section */

/* Begin XCConfigurationList section */
		DAF1E32E29D217B400365796 /* Build configuration list for PBXProject "CryptoCurrencyProject" */ = {
			isa = XCConfigurationList;
			buildConfigurations = (
				DAF1E34529D217B800365796 /* Debug */,
				DAF1E34629D217B800365796 /* Release */,
			);
			defaultConfigurationIsVisible = 0;
			defaultConfigurationName = Release;
		};
		DAF1E34729D217B800365796 /* Build configuration list for PBXNativeTarget "CryptoCurrencyProject" */ = {
			isa = XCConfigurationList;
			buildConfigurations = (
				DAF1E34829D217B800365796 /* Debug */,
				DAF1E34929D217B800365796 /* Release */,
			);
			defaultConfigurationIsVisible = 0;
			defaultConfigurationName = Release;
		};
/* End XCConfigurationList section */
	};
	rootObject = DAF1E32B29D217B400365796 /* Project object */;
}
